
Microsoft Visual Studio Solution File, Format Version 12.00
# Visual Studio Version 17
VisualStudioVersion = 17.0.31903.59
MinimumVisualStudioVersion = 10.0.40219.1
Project("{2150E333-8FDC-42A3-9474-1A3956D46DE8}") = "src", "src", "{827E0CD3-B72D-47B6-A68D-7590B98EB39B}"
EndProject
Project("{FAE04EC0-301F-11D3-BF4B-00C04F79EFBC}") = "Aquarium.Engine.Contracts", "src\Aquarium.Engine.Contracts\Aquarium.Engine.Contracts.csproj", "{08D15A38-B6AB-459B-8BF9-3CCA8555A022}"
EndProject
Project("{FAE04EC0-301F-11D3-BF4B-00C04F79EFBC}") = "Aquarium.Engine", "src\Aquarium.Engine\Aquarium.Engine.csproj", "{51FE01D8-9EEF-46B2-8D8C-3307AC2221C1}"
EndProject
Project("{FAE04EC0-301F-11D3-BF4B-00C04F79EFBC}") = "CultMath", "..\CultMath\src\CultMath\CultMath.csproj", "{0089E341-25F2-43FC-8FD9-CBD1AE646D91}"
EndProject
Project("{FAE04EC0-301F-11D3-BF4B-00C04F79EFBC}") = "Aquarium.Sample.Minimal", "src\Aquarium.Sample.Minimal\Aquarium.Sample.Minimal.csproj", "{7564E6C2-FF01-4B5B-8C2B-F9CD796858BA}"
EndProject
Project("{2150E333-8FDC-42A3-9474-1A3956D46DE8}") = "tests", "tests", "{0AB3BF05-4346-4AA6-1389-037BE0695223}"
EndProject
Project("{FAE04EC0-301F-11D3-BF4B-00C04F79EFBC}") = "Aquarium.Engine.Tests", "tests\Aquarium.Engine.Tests\Aquarium.Engine.Tests.csproj", "{37363FC6-5AA3-49B4-A3B1-E4AB2CC986EB}"
EndProject
Project("{FAE04EC0-301F-11D3-BF4B-00C04F79EFBC}") = "Aquarium.Zyphos", "src\Aquarium.Zyphos\Aquarium.Zyphos.csproj", "{801B1913-6AE1-4B8C-8030-4669AC4FE25E}"
EndProject
Project("{FAE04EC0-301F-11D3-BF4B-00C04F79EFBC}") = "Aquarium.Engine.Fractal", "src\Aquarium.Engine.Fractal\Aquarium.Engine.Fractal.csproj", "{FF232A59-4E8D-4D56-A2C3-ACC02F5371D0}"
EndProject
Project("{FAE04EC0-301F-11D3-BF4B-00C04F79EFBC}") = "Aquarium.Engine.Fractal.Tests", "tests\Aquarium.Engine.Fractal.Tests\Aquarium.Engine.Fractal.Tests.csproj", "{A9D41C48-7E78-4D75-A814-0C1500245EFC}"
EndProject
Project("{2150E333-8FDC-42A3-9474-1A3956D46DE8}") = "tools", "tools", "{07C2787E-EAC7-C090-1BA3-A61EC2A24D84}"
EndProject
Project("{FAE04EC0-301F-11D3-BF4B-00C04F79EFBC}") = "Aquarium.Fractal.Receipt", "tools\Aquarium.Fractal.Receipt\Aquarium.Fractal.Receipt.csproj", "{C0D1BFAC-B1B4-4350-92A7-D537AE382909}"
EndProject
Project("{FAE04EC0-301F-11D3-BF4B-00C04F79EFBC}") = "Aquarium.Fensalir", "src\Aquarium.Fensalir\Aquarium.Fensalir.csproj", "{F9274D99-3CC6-42B6-9817-EC7F19663B1D}"
EndProject
Global
	GlobalSection(SolutionConfigurationPlatforms) = preSolution
		Debug|Any CPU = Debug|Any CPU
		Debug|x64 = Debug|x64
		Debug|x86 = Debug|x86
		Release|Any CPU = Release|Any CPU
		Release|x64 = Release|x64
		Release|x86 = Release|x86
	EndGlobalSection
	GlobalSection(ProjectConfigurationPlatforms) = postSolution
		{08D15A38-B6AB-459B-8BF9-3CCA8555A022}.Debug|Any CPU.ActiveCfg = Debug|Any CPU
		{08D15A38-B6AB-459B-8BF9-3CCA8555A022}.Debug|Any CPU.Build.0 = Debug|Any CPU
		{08D15A38-B6AB-459B-8BF9-3CCA8555A022}.Debug|x64.ActiveCfg = Debug|Any CPU
		{08D15A38-B6AB-459B-8BF9-3CCA8555A022}.Debug|x64.Build.0 = Debug|Any CPU
		{08D15A38-B6AB-459B-8BF9-3CCA8555A022}.Debug|x86.ActiveCfg = Debug|Any CPU
		{08D15A38-B6AB-459B-8BF9-3CCA8555A022}.Debug|x86.Build.0 = Debug|Any CPU
		{08D15A38-B6AB-459B-8BF9-3CCA8555A022}.Release|Any CPU.ActiveCfg = Release|Any CPU
		{08D15A38-B6AB-459B-8BF9-3CCA8555A022}.Release|Any CPU.Build.0 = Release|Any CPU
		{08D15A38-B6AB-459B-8BF9-3CCA8555A022}.Release|x64.ActiveCfg = Release|Any CPU
		{08D15A38-B6AB-459B-8BF9-3CCA8555A022}.Release|x64.Build.0 = Release|Any CPU
		{08D15A38-B6AB-459B-8BF9-3CCA8555A022}.Release|x86.ActiveCfg = Release|Any CPU
		{08D15A38-B6AB-459B-8BF9-3CCA8555A022}.Release|x86.Build.0 = Release|Any CPU
		{51FE01D8-9EEF-46B2-8D8C-3307AC2221C1}.Debug|Any CPU.ActiveCfg = Debug|Any CPU
		{51FE01D8-9EEF-46B2-8D8C-3307AC2221C1}.Debug|Any CPU.Build.0 = Debug|Any CPU
		{51FE01D8-9EEF-46B2-8D8C-3307AC2221C1}.Debug|x64.ActiveCfg = Debug|Any CPU
		{51FE01D8-9EEF-46B2-8D8C-3307AC2221C1}.Debug|x64.Build.0 = Debug|Any CPU
		{51FE01D8-9EEF-46B2-8D8C-3307AC2221C1}.Debug|x86.ActiveCfg = Debug|Any CPU
		{51FE01D8-9EEF-46B2-8D8C-3307AC2221C1}.Debug|x86.Build.0 = Debug|Any CPU
		{51FE01D8-9EEF-46B2-8D8C-3307AC2221C1}.Release|Any CPU.ActiveCfg = Release|Any CPU
		{51FE01D8-9EEF-46B2-8D8C-3307AC2221C1}.Release|Any CPU.Build.0 = Release|Any CPU
		{51FE01D8-9EEF-46B2-8D8C-3307AC2221C1}.Release|x64.ActiveCfg = Release|Any CPU
		{51FE01D8-9EEF-46B2-8D8C-3307AC2221C1}.Release|x64.Build.0 = Release|Any CPU
		{51FE01D8-9EEF-46B2-8D8C-3307AC2221C1}.Release|x86.ActiveCfg = Release|Any CPU
		{51FE01D8-9EEF-46B2-8D8C-3307AC2221C1}.Release|x86.Build.0 = Release|Any CPU
		{0089E341-25F2-43FC-8FD9-CBD1AE646D91}.Debug|Any CPU.ActiveCfg = Debug|Any CPU
		{0089E341-25F2-43FC-8FD9-CBD1AE646D91}.Debug|Any CPU.Build.0 = Debug|Any CPU
		{0089E341-25F2-43FC-8FD9-CBD1AE646D91}.Debug|x64.ActiveCfg = Debug|Any CPU
		{0089E341-25F2-43FC-8FD9-CBD1AE646D91}.Debug|x64.Build.0 = Debug|Any CPU
		{0089E341-25F2-43FC-8FD9-CBD1AE646D91}.Debug|x86.ActiveCfg = Debug|Any CPU
		{0089E341-25F2-43FC-8FD9-CBD1AE646D91}.Debug|x86.Build.0 = Debug|Any CPU
		{0089E341-25F2-43FC-8FD9-CBD1AE646D91}.Release|Any CPU.ActiveCfg = Release|Any CPU
		{0089E341-25F2-43FC-8FD9-CBD1AE646D91}.Release|Any CPU.Build.0 = Release|Any CPU
		{0089E341-25F2-43FC-8FD9-CBD1AE646D91}.Release|x64.ActiveCfg = Release|Any CPU
		{0089E341-25F2-43FC-8FD9-CBD1AE646D91}.Release|x64.Build.0 = Release|Any CPU
		{0089E341-25F2-43FC-8FD9-CBD1AE646D91}.Release|x86.ActiveCfg = Release|Any CPU
		{0089E341-25F2-43FC-8FD9-CBD1AE646D91}.Release|x86.Build.0 = Release|Any CPU
		{7564E6C2-FF01-4B5B-8C2B-F9CD796858BA}.Debug|Any CPU.ActiveCfg = Debug|Any CPU
		{7564E6C2-FF01-4B5B-8C2B-F9CD796858BA}.Debug|Any CPU.Build.0 = Debug|Any CPU
		{7564E6C2-FF01-4B5B-8C2B-F9CD796858BA}.Debug|x64.ActiveCfg = Debug|Any CPU
		{7564E6C2-FF01-4B5B-8C2B-F9CD796858BA}.Debug|x64.Build.0 = Debug|Any CPU
		{7564E6C2-FF01-4B5B-8C2B-F9CD796858BA}.Debug|x86.ActiveCfg = Debug|Any CPU
		{7564E6C2-FF01-4B5B-8C2B-F9CD796858BA}.Debug|x86.Build.0 = Debug|Any CPU
		{7564E6C2-FF01-4B5B-8C2B-F9CD796858BA}.Release|Any CPU.ActiveCfg = Release|Any CPU
		{7564E6C2-FF01-4B5B-8C2B-F9CD796858BA}.Release|Any CPU.Build.0 = Release|Any CPU
		{7564E6C2-FF01-4B5B-8C2B-F9CD796858BA}.Release|x64.ActiveCfg = Release|Any CPU
		{7564E6C2-FF01-4B5B-8C2B-F9CD796858BA}.Release|x64.Build.0 = Release|Any CPU
		{7564E6C2-FF01-4B5B-8C2B-F9CD796858BA}.Release|x86.ActiveCfg = Release|Any CPU
		{7564E6C2-FF01-4B5B-8C2B-F9CD796858BA}.Release|x86.Build.0 = Release|Any CPU
		{37363FC6-5AA3-49B4-A3B1-E4AB2CC986EB}.Debug|Any CPU.ActiveCfg = Debug|Any CPU
		{37363FC6-5AA3-49B4-A3B1-E4AB2CC986EB}.Debug|Any CPU.Build.0 = Debug|Any CPU
		{37363FC6-5AA3-49B4-A3B1-E4AB2CC986EB}.Debug|x64.ActiveCfg = Debug|Any CPU
		{37363FC6-5AA3-49B4-A3B1-E4AB2CC986EB}.Debug|x64.Build.0 = Debug|Any CPU
		{37363FC6-5AA3-49B4-A3B1-E4AB2CC986EB}.Debug|x86.ActiveCfg = Debug|Any CPU
		{37363FC6-5AA3-49B4-A3B1-E4AB2CC986EB}.Debug|x86.Build.0 = Debug|Any CPU
		{37363FC6-5AA3-49B4-A3B1-E4AB2CC986EB}.Release|Any CPU.ActiveCfg = Release|Any CPU
		{37363FC6-5AA3-49B4-A3B1-E4AB2CC986EB}.Release|Any CPU.Build.0 = Release|Any CPU
		{37363FC6-5AA3-49B4-A3B1-E4AB2CC986EB}.Release|x64.ActiveCfg = Release|Any CPU
		{37363FC6-5AA3-49B4-A3B1-E4AB2CC986EB}.Release|x64.Build.0 = Release|Any CPU
		{37363FC6-5AA3-49B4-A3B1-E4AB2CC986EB}.Release|x86.ActiveCfg = Release|Any CPU
		{37363FC6-5AA3-49B4-A3B1-E4AB2CC986EB}.Release|x86.Build.0 = Release|Any CPU
		{801B1913-6AE1-4B8C-8030-4669AC4FE25E}.Debug|Any CPU.ActiveCfg = Debug|Any CPU
		{801B1913-6AE1-4B8C-8030-4669AC4FE25E}.Debug|Any CPU.Build.0 = Debug|Any CPU
		{801B1913-6AE1-4B8C-8030-4669AC4FE25E}.Debug|x64.ActiveCfg = Debug|Any CPU
		{801B1913-6AE1-4B8C-8030-4669AC4FE25E}.Debug|x64.Build.0 = Debug|Any CPU
		{801B1913-6AE1-4B8C-8030-4669AC4FE25E}.Debug|x86.ActiveCfg = Debug|Any CPU
		{801B1913-6AE1-4B8C-8030-4669AC4FE25E}.Debug|x86.Build.0 = Debug|Any CPU
		{801B1913-6AE1-4B8C-8030-4669AC4FE25E}.Release|Any CPU.ActiveCfg = Release|Any CPU
		{801B1913-6AE1-4B8C-8030-4669AC4FE25E}.Release|Any CPU.Build.0 = Release|Any CPU
		{801B1913-6AE1-4B8C-8030-4669AC4FE25E}.Release|x64.ActiveCfg = Release|Any CPU
		{801B1913-6AE1-4B8C-8030-4669AC4FE25E}.Release|x64.Build.0 = Release|Any CPU
		{801B1913-6AE1-4B8C-8030-4669AC4FE25E}.Release|x86.ActiveCfg = Release|Any CPU
		{801B1913-6AE1-4B8C-8030-4669AC4FE25E}.Release|x86.Build.0 = Release|Any CPU
		{FF232A59-4E8D-4D56-A2C3-ACC02F5371D0}.Debug|Any CPU.ActiveCfg = Debug|Any CPU
		{FF232A59-4E8D-4D56-A2C3-ACC02F5371D0}.Debug|Any CPU.Build.0 = Debug|Any CPU
		{FF232A59-4E8D-4D56-A2C3-ACC02F5371D0}.Debug|x64.ActiveCfg = Debug|Any CPU
		{FF232A59-4E8D-4D56-A2C3-ACC02F5371D0}.Debug|x64.Build.0 = Debug|Any CPU
		{FF232A59-4E8D-4D56-A2C3-ACC02F5371D0}.Debug|x86.ActiveCfg = Debug|Any CPU
		{FF232A59-4E8D-4D56-A2C3-ACC02F5371D0}.Debug|x86.Build.0 = Debug|Any CPU
		{FF232A59-4E8D-4D56-A2C3-ACC02F5371D0}.Release|Any CPU.ActiveCfg = Release|Any CPU
		{FF232A59-4E8D-4D56-A2C3-ACC02F5371D0}.Release|Any CPU.Build.0 = Release|Any CPU
		{FF232A59-4E8D-4D56-A2C3-ACC02F5371D0}.Release|x64.ActiveCfg = Release|Any CPU
		{FF232A59-4E8D-4D56-A2C3-ACC02F5371D0}.Release|x64.Build.0 = Release|Any CPU
		{FF232A59-4E8D-4D56-A2C3-ACC02F5371D0}.Release|x86.ActiveCfg = Release|Any CPU
		{FF232A59-4E8D-4D56-A2C3-ACC02F5371D0}.Release|x86.Build.0 = Release|Any CPU
		{A9D41C48-7E78-4D75-A814-0C1500245EFC}.Debug|Any CPU.ActiveCfg = Debug|Any CPU
		{A9D41C48-7E78-4D75-A814-0C1500245EFC}.Debug|Any CPU.Build.0 = Debug|Any CPU
		{A9D41C48-7E78-4D75-A814-0C1500245EFC}.Debug|x64.ActiveCfg = Debug|Any CPU
		{A9D41C48-7E78-4D75-A814-0C1500245EFC}.Debug|x64.Build.0 = Debug|Any CPU
		{A9D41C48-7E78-4D75-A814-0C1500245EFC}.Debug|x86.ActiveCfg = Debug|Any CPU
		{A9D41C48-7E78-4D75-A814-0C1500245EFC}.Debug|x86.Build.0 = Debug|Any CPU
		{A9D41C48-7E78-4D75-A814-0C1500245EFC}.Release|Any CPU.ActiveCfg = Release|Any CPU
		{A9D41C48-7E78-4D75-A814-0C1500245EFC}.Release|Any CPU.Build.0 = Release|Any CPU
		{A9D41C48-7E78-4D75-A814-0C1500245EFC}.Release|x64.ActiveCfg = Release|Any CPU
		{A9D41C48-7E78-4D75-A814-0C1500245EFC}.Release|x64.Build.0 = Release|Any CPU
		{A9D41C48-7E78-4D75-A814-0C1500245EFC}.Release|x86.ActiveCfg = Release|Any CPU
		{A9D41C48-7E78-4D75-A814-0C1500245EFC}.Release|x86.Build.0 = Release|Any CPU
		{C0D1BFAC-B1B4-4350-92A7-D537AE382909}.Debug|Any CPU.ActiveCfg = Debug|Any CPU
		{C0D1BFAC-B1B4-4350-92A7-D537AE382909}.Debug|Any CPU.Build.0 = Debug|Any CPU
		{C0D1BFAC-B1B4-4350-92A7-D537AE382909}.Debug|x64.ActiveCfg = Debug|Any CPU
		{C0D1BFAC-B1B4-4350-92A7-D537AE382909}.Debug|x64.Build.0 = Debug|Any CPU
		{C0D1BFAC-B1B4-4350-92A7-D537AE382909}.Debug|x86.ActiveCfg = Debug|Any CPU
		{C0D1BFAC-B1B4-4350-92A7-D537AE382909}.Debug|x86.Build.0 = Debug|Any CPU
		{C0D1BFAC-B1B4-4350-92A7-D537AE382909}.Release|Any CPU.ActiveCfg = Release|Any CPU
		{C0D1BFAC-B1B4-4350-92A7-D537AE382909}.Release|Any CPU.Build.0 = Release|Any CPU
		{C0D1BFAC-B1B4-4350-92A7-D537AE382909}.Release|x64.ActiveCfg = Release|Any CPU
		{C0D1BFAC-B1B4-4350-92A7-D537AE382909}.Release|x64.Build.0 = Release|Any CPU
		{C0D1BFAC-B1B4-4350-92A7-D537AE382909}.Release|x86.ActiveCfg = Release|Any CPU
		{C0D1BFAC-B1B4-4350-92A7-D537AE382909}.Release|x86.Build.0 = Release|Any CPU
		{F9274D99-3CC6-42B6-9817-EC7F19663B1D}.Debug|Any CPU.ActiveCfg = Debug|Any CPU
		{F9274D99-3CC6-42B6-9817-EC7F19663B1D}.Debug|Any CPU.Build.0 = Debug|Any CPU
		{F9274D99-3CC6-42B6-9817-EC7F19663B1D}.Debug|x64.ActiveCfg = Debug|Any CPU
		{F9274D99-3CC6-42B6-9817-EC7F19663B1D}.Debug|x64.Build.0 = Debug|Any CPU
		{F9274D99-3CC6-42B6-9817-EC7F19663B1D}.Debug|x86.ActiveCfg = Debug|Any CPU
		{F9274D99-3CC6-42B6-9817-EC7F19663B1D}.Debug|x86.Build.0 = Debug|Any CPU
		{F9274D99-3CC6-42B6-9817-EC7F19663B1D}.Release|Any CPU.ActiveCfg = Release|Any CPU
		{F9274D99-3CC6-42B6-9817-EC7F19663B1D}.Release|Any CPU.Build.0 = Release|Any CPU
		{F9274D99-3CC6-42B6-9817-EC7F19663B1D}.Release|x64.ActiveCfg = Release|Any CPU
		{F9274D99-3CC6-42B6-9817-EC7F19663B1D}.Release|x64.Build.0 = Release|Any CPU
		{F9274D99-3CC6-42B6-9817-EC7F19663B1D}.Release|x86.ActiveCfg = Release|Any CPU
		{F9274D99-3CC6-42B6-9817-EC7F19663B1D}.Release|x86.Build.0 = Release|Any CPU
	EndGlobalSection
	GlobalSection(SolutionProperties) = preSolution
		HideSolutionNode = FALSE
	EndGlobalSection
	GlobalSection(NestedProjects) = preSolution
		{08D15A38-B6AB-459B-8BF9-3CCA8555A022} = {827E0CD3-B72D-47B6-A68D-7590B98EB39B}
		{51FE01D8-9EEF-46B2-8D8C-3307AC2221C1} = {827E0CD3-B72D-47B6-A68D-7590B98EB39B}
		{7564E6C2-FF01-4B5B-8C2B-F9CD796858BA} = {827E0CD3-B72D-47B6-A68D-7590B98EB39B}
		{37363FC6-5AA3-49B4-A3B1-E4AB2CC986EB} = {0AB3BF05-4346-4AA6-1389-037BE0695223}
		{801B1913-6AE1-4B8C-8030-4669AC4FE25E} = {827E0CD3-B72D-47B6-A68D-7590B98EB39B}
		{FF232A59-4E8D-4D56-A2C3-ACC02F5371D0} = {827E0CD3-B72D-47B6-A68D-7590B98EB39B}
		{A9D41C48-7E78-4D75-A814-0C1500245EFC} = {0AB3BF05-4346-4AA6-1389-037BE0695223}
		{C0D1BFAC-B1B4-4350-92A7-D537AE382909} = {07C2787E-EAC7-C090-1BA3-A61EC2A24D84}
		{F9274D99-3CC6-42B6-9817-EC7F19663B1D} = {827E0CD3-B72D-47B6-A68D-7590B98EB39B}
	EndGlobalSection
EndGlobal
